
Microsoft Visual Studio Solution File, Format Version 12.00
# Visual Studio Version 17
VisualStudioVersion = 17.1.32127.271
MinimumVisualStudioVersion = 10.0.40219.1
Project("{FAE04EC0-301F-11D3-BF4B-00C04F79EFBC}") = "Rocky", "Rocky.csproj", "{9E5DEE4D-8406-4D9D-8204-777158325269}"
EndProject
Global
	GlobalSection(SolutionConfigurationPlatforms) = preSolution
		Debug|Any CPU = Debug|Any CPU
		Release|Any CPU = Release|Any CPU
	EndGlobalSection
	GlobalSection(ProjectConfigurationPlatforms) = postSolution
		{9E5DEE4D-8406-4D9D-8204-777158325269}.Debug|Any CPU.ActiveCfg = Debug|Any CPU
		{9E5DEE4D-8406-4D9D-8204-777158325269}.Debug|Any CPU.Build.0 = Debug|Any CPU
		{9E5DEE4D-8406-4D9D-8204-777158325269}.Release|Any CPU.ActiveCfg = Release|Any CPU
		{9E5DEE4D-8406-4D9D-8204-777158325269}.Release|Any CPU.Build.0 = Release|Any CPU
	EndGlobalSection
	GlobalSection(SolutionProperties) = preSolution
		HideSolutionNode = FALSE
	EndGlobalSection
	GlobalSection(ExtensibilityGlobals) = postSolution
		SolutionGuid = {AAFADD9E-FC1F-4F45-9FCA-A299438E9EB6}
	EndGlobalSection
EndGlobal
